<?xml version="1.0" encoding="utf-8"?>
<Project ToolsVersion="4.0" xmlns="http://schemas.microsoft.com/developer/msbuild/2003">
  <ItemGroup>
    <Filter Include="Source Files">
      <UniqueIdentifier>{4FC737F1-C7A5-4376-A066-2A32D752A2FF}</UniqueIdentifier>
      <Extensions>cpp;c;cc;cxx;def;odl;idl;hpj;bat;asm;asmx</Extensions>
    </Filter>
    <Filter Include="Header Files">
      <UniqueIdentifier>{93995380-89BD-4b04-88EB-625FBE52EBFB}</UniqueIdentifier>
      <Extensions>h;hh;hpp;hxx;hm;inl;inc;ipp;xsd</Extensions>
    </Filter>
    <Filter Include="Resource Files">
      <UniqueIdentifier>{67DA6AB6-F800-4c08-8B7A-83BB121AAD01}</UniqueIdentifier>
      <Extensions>rc;ico;cur;bmp;dlg;rc2;rct;bin;rgs;gif;jpg;jpeg;jpe;resx;tiff;tif;png;wav;mfcribbon-ms</Extensions>
    </Filter>
    <Filter Include="Header Files\Entities">
      <UniqueIdentifier>{4c6906c1-18d4-48f8-bc9e-7061033d5f32}</UniqueIdentifier>
    </Filter>
    <Filter Include="Source Files\Entities">
      <UniqueIdentifier>{273f24e0-c656-4876-afd3-2e5058eac3ba}</UniqueIdentifier>
    </Filter>
    <Filter Include="Source Files\Engine">
      <UniqueIdentifier>{56032c9e-465c-404a-a8e9-2169b5346ea1}</UniqueIdentifier>
    </Filter>
    <Filter Include="Header Files\Engine">
      <UniqueIdentifier>{f5099e32-aea5-4e79-b577-7395a4edd74f}</UniqueIdentifier>
    </Filter>
    <Filter Include="Header Files\Entities\Player">
      <UniqueIdentifier>{3ff3a7db-a841-46a8-a40e-9c044fc968cb}</UniqueIdentifier>
    </Filter>
    <Filter Include="Source Files\Entities\Mushroom">
      <UniqueIdentifier>{192515da-5005-4cd3-bbb6-f8f3817c3326}</UniqueIdentifier>
    </Filter>
    <Filter Include="Source Files\Entities\Player">
      <UniqueIdentifier>{47e1e43c-f1b4-4194-bfa5-bd05078eb984}</UniqueIdentifier>
    </Filter>
    <Filter Include="Header Files\Entities\Centipede">
      <UniqueIdentifier>{00708e2f-a0de-41e2-9ff8-baf609ae0ed0}</UniqueIdentifier>
    </Filter>
    <Filter Include="Source Files\Entities\Centipede">
      <UniqueIdentifier>{9d0bf6a6-6a6c-40cb-b128-6e138e7c6db4}</UniqueIdentifier>
    </Filter>
    <Filter Include="Header Files\Entities\GameObject">
      <UniqueIdentifier>{343303c9-cac5-485f-90ed-449e2978574d}</UniqueIdentifier>
    </Filter>
    <Filter Include="Source Files\Entities\GameObject">
      <UniqueIdentifier>{3a33c386-8935-4d2e-8cd0-7a70839e5aed}</UniqueIdentifier>
    </Filter>
    <Filter Include="Header Files\Entities\Player\Commands">
      <UniqueIdentifier>{df98ff09-5926-4209-b813-fcfc01679561}</UniqueIdentifier>
    </Filter>
    <Filter Include="Source Files\Entities\GameObject\Commands">
      <UniqueIdentifier>{152678d1-1151-4924-a7ef-7e755fe54aaf}</UniqueIdentifier>
    </Filter>
    <Filter Include="Header Files\Entities\GameObject\Commands">
      <UniqueIdentifier>{3c3461e8-0bee-426a-8117-36373c931dfb}</UniqueIdentifier>
    </Filter>
    <Filter Include="Source Files\Entities\Player\Commands">
      <UniqueIdentifier>{17d215b3-e14f-4a1f-b6f5-2d0b3befe024}</UniqueIdentifier>
    </Filter>
    <Filter Include="Header Files\Entities\Mushroom">
      <UniqueIdentifier>{00d2e18a-10e2-4a12-bf06-445b45355125}</UniqueIdentifier>
    </Filter>
    <Filter Include="Source Files\Engine\Managers">
      <UniqueIdentifier>{5c9a8f40-ae42-4385-8442-d7e72cd9727a}</UniqueIdentifier>
    </Filter>
    <Filter Include="Header Files\Engine\Managers">
      <UniqueIdentifier>{bb313d12-716d-40d3-a86a-a3d94622343e}</UniqueIdentifier>
    </Filter>
    <Filter Include="Header Files\Entities\Player\Events">
      <UniqueIdentifier>{2ce38310-e7f7-442b-bd6d-438918357dab}</UniqueIdentifier>
    </Filter>
    <Filter Include="Header Files\Entities\Centipede\Events">
      <UniqueIdentifier>{f4f53e89-041d-4a6a-b3e4-4cae0962185b}</UniqueIdentifier>
    </Filter>
    <Filter Include="Source Files\Entities\Player\Events">
      <UniqueIdentifier>{0da5921a-5756-428a-ab9c-7a317fc81348}</UniqueIdentifier>
    </Filter>
    <Filter Include="Source Files\Entities\Centipede\Events">
      <UniqueIdentifier>{08bad431-eb8c-45f4-b597-06ca78d07259}</UniqueIdentifier>
    </Filter>
    <Filter Include="Source Files\Engine\Events">
      <UniqueIdentifier>{b7234294-5851-4ff8-b767-96d086b33e0e}</UniqueIdentifier>
    </Filter>
    <Filter Include="Header Files\Entities\Mushroom\Events">
      <UniqueIdentifier>{19255ea8-fc5c-45ca-bd89-b61651f7f998}</UniqueIdentifier>
    </Filter>
    <Filter Include="Header Files\Entities\GameObject\Events">
      <UniqueIdentifier>{79eb17d9-e083-4faf-b276-faa8ed450287}</UniqueIdentifier>
    </Filter>
    <Filter Include="Source Files\Entities\GameObject\States">
      <UniqueIdentifier>{d614170e-88f9-4592-a88a-29b03b28e368}</UniqueIdentifier>
    </Filter>
    <Filter Include="Header Files\Entities\GameObject\States">
      <UniqueIdentifier>{031cf835-a77c-4fa9-91ef-7a123b54f385}</UniqueIdentifier>
    </Filter>
    <Filter Include="Header Files\Engine\Factories">
      <UniqueIdentifier>{6de7d94d-aa16-4a0e-847f-7c6b3233cf3b}</UniqueIdentifier>
    </Filter>
    <Filter Include="Source Files\Engine\Factories">
      <UniqueIdentifier>{9cd04a01-f6c5-43c7-8cd4-ad7b72f3c748}</UniqueIdentifier>
    </Filter>
  </ItemGroup>
  <ItemGroup>
    <ClCompile Include="GameObjectManager.cpp">
      <Filter>Source Files\Engine\Managers</Filter>
    </ClCompile>
    <ClCompile Include="Engine.cpp">
      <Filter>Source Files\Engine</Filter>
    </ClCompile>
    <ClCompile Include="Draw.cpp">
      <Filter>Source Files\Engine</Filter>
    </ClCompile>
    <ClCompile Include="Main.cpp">
      <Filter>Source Files\Engine</Filter>
    </ClCompile>
    <ClCompile Include="Input.cpp">
      <Filter>Source Files\Engine</Filter>
    </ClCompile>
    <ClCompile Include="Update.cpp">
      <Filter>Source Files\Engine</Filter>
    </ClCompile>
    <ClCompile Include="Initialize.cpp">
      <Filter>Source Files\Engine</Filter>
    </ClCompile>
    <ClCompile Include="ObjectCommand.cpp">
      <Filter>Source Files\Entities\GameObject\Commands</Filter>
    </ClCompile>
    <ClCompile Include="ObjectMoveUpCommand.cpp">
      <Filter>Source Files\Entities\GameObject\Commands</Filter>
    </ClCompile>
    <ClCompile Include="ObjectMoveDownCommand.cpp">
      <Filter>Source Files\Entities\GameObject\Commands</Filter>
    </ClCompile>
    <ClCompile Include="ObjectMoveLeftCommand.cpp">
      <Filter>Source Files\Entities\GameObject\Commands</Filter>
    </ClCompile>
    <ClCompile Include="ObjectMoveRightCommand.cpp">
      <Filter>Source Files\Entities\GameObject\Commands</Filter>
    </ClCompile>
    <ClCompile Include="PlayerBulletFireCommand.cpp">
      <Filter>Source Files\Entities\Player\Commands</Filter>
    </ClCompile>
    <ClCompile Include="GridManager.cpp">
      <Filter>Source Files\Engine\Managers</Filter>
    </ClCompile>
    <ClCompile Include="EventManager.cpp">
      <Filter>Source Files\Engine\Managers</Filter>
    </ClCompile>
    <ClCompile Include="CollisionManager.cpp">
      <Filter>Source Files\Engine\Managers</Filter>
    </ClCompile>
    <ClCompile Include="ObjectActivateCommand.cpp">
      <Filter>Source Files\Entities\GameObject\Commands</Filter>
    </ClCompile>
    <ClCompile Include="ObjectDeactivateCommand.cpp">
      <Filter>Source Files\Entities\GameObject\Commands</Filter>
    </ClCompile>
    <ClCompile Include="ObjectSetPositionCommand.cpp">
      <Filter>Source Files\Entities\GameObject\Commands</Filter>
    </ClCompile>
    <ClCompile Include="PlayerInputEvent.cpp">
      <Filter>Source Files\Entities\Player\Events</Filter>
    </ClCompile>
    <ClCompile Include="BulletFiredEvent.cpp">
      <Filter>Source Files\Entities\Player\Events</Filter>
    </ClCompile>
    <ClCompile Include="MushroomHitEvent.cpp">
      <Filter>Source Files\Entities\Mushroom</Filter>
    </ClCompile>
    <ClCompile Include="CentipedeMoveEvent.cpp">
      <Filter>Source Files\Entities\Centipede\Events</Filter>
    </ClCompile>
    <ClCompile Include="BulletCollideEvent.cpp">
      <Filter>Source Files\Entities\Player\Events</Filter>
    </ClCompile>
    <ClCompile Include="CentipedeHitEvent.cpp">
      <Filter>Source Files\Entities\Centipede\Events</Filter>
    </ClCompile>
    <ClCompile Include="ObjectData.cpp">
      <Filter>Source Files\Entities\GameObject</Filter>
    </ClCompile>
    <ClCompile Include="GameObject.cpp">
      <Filter>Source Files\Entities\GameObject</Filter>
    </ClCompile>
    <ClCompile Include="CentipedeData.cpp">
      <Filter>Source Files\Entities\Centipede</Filter>
    </ClCompile>
    <ClCompile Include="Centipede.cpp">
      <Filter>Source Files\Entities\Centipede</Filter>
    </ClCompile>
    <ClCompile Include="MushroomData.cpp">
      <Filter>Source Files\Entities\Mushroom</Filter>
    </ClCompile>
    <ClCompile Include="Mushroom.cpp">
      <Filter>Source Files\Entities\Mushroom</Filter>
    </ClCompile>
    <ClCompile Include="PlayerData.cpp">
      <Filter>Source Files\Entities\Player</Filter>
    </ClCompile>
    <ClCompile Include="PlayerBulletData.cpp">
      <Filter>Source Files\Entities\Player</Filter>
    </ClCompile>
    <ClCompile Include="PlayerBullet.cpp">
      <Filter>Source Files\Entities\Player</Filter>
    </ClCompile>
    <ClCompile Include="Player.cpp">
      <Filter>Source Files\Entities\Player</Filter>
    </ClCompile>
    <ClCompile Include="GameObjectState.cpp">
      <Filter>Source Files\Entities\GameObject\States</Filter>
    </ClCompile>
    <ClCompile Include="GenericState.cpp">
      <Filter>Source Files\Entities\GameObject\States</Filter>
    </ClCompile>
    <ClCompile Include="NullState.cpp">
      <Filter>Source Files\Entities\GameObject\States</Filter>
    </ClCompile>
    <ClCompile Include="CentipedeHeadState.cpp">
      <Filter>Source Files\Entities\Centipede</Filter>
    </ClCompile>
    <ClCompile Include="CentipedeBodyState.cpp">
      <Filter>Source Files\Entities\Centipede</Filter>
    </ClCompile>
    <ClCompile Include="ScoreObject.cpp">
      <Filter>Source Files\Engine\Managers</Filter>
    </ClCompile>
    <ClCompile Include="SoundManager.cpp">
      <Filter>Source Files\Engine\Managers</Filter>
    </ClCompile>
    <ClCompile Include="SpriteManager.cpp">
      <Filter>Source Files\Engine\Managers</Filter>
    </ClCompile>
    <ClCompile Include="InputManager.cpp">
      <Filter>Source Files\Engine\Managers</Filter>
    </ClCompile>
    <ClCompile Include="CommandFactory.cpp">
      <Filter>Source Files\Engine\Factories</Filter>
    </ClCompile>
    <ClCompile Include="GameObjectFactory.cpp">
      <Filter>Source Files\Engine\Factories</Filter>
    </ClCompile>
    <ClCompile Include="GameEvent.cpp">
      <Filter>Source Files\Engine\Events</Filter>
    </ClCompile>
    <ClCompile Include="CentipedeBodyHitEvent.cpp">
      <Filter>Source Files\Entities\Centipede\Events</Filter>
    </ClCompile>
    <ClCompile Include="FontManager.cpp">
      <Filter>Source Files\Engine\Managers</Filter>
    </ClCompile>
  </ItemGroup>
  <ItemGroup>
    <ClInclude Include="GameObjectManager.h">
      <Filter>Header Files\Engine\Managers</Filter>
    </ClInclude>
    <ClInclude Include="Engine.h">
      <Filter>Header Files\Engine</Filter>
    </ClInclude>
    <ClInclude Include="ObjectCommand.h">
      <Filter>Header Files\Entities\GameObject\Commands</Filter>
    </ClInclude>
    <ClInclude Include="ObjectMoveUpCommand.h">
      <Filter>Header Files\Entities\GameObject\Commands</Filter>
    </ClInclude>
    <ClInclude Include="ObjectMoveDownCommand.h">
      <Filter>Header Files\Entities\GameObject\Commands</Filter>
    </ClInclude>
    <ClInclude Include="ObjectMoveLeftCommand.h">
      <Filter>Header Files\Entities\GameObject\Commands</Filter>
    </ClInclude>
    <ClInclude Include="ObjectMoveRightCommand.h">
      <Filter>Header Files\Entities\GameObject\Commands</Filter>
    </ClInclude>
    <ClInclude Include="PlayerBulletFireCommand.h">
      <Filter>Header Files\Entities\Player\Commands</Filter>
    </ClInclude>
    <ClInclude Include="GridManager.h">
      <Filter>Header Files\Engine\Managers</Filter>
    </ClInclude>
    <ClInclude Include="EventManager.h">
      <Filter>Header Files\Engine\Managers</Filter>
    </ClInclude>
    <ClInclude Include="CollisionManager.h">
      <Filter>Header Files\Engine\Managers</Filter>
    </ClInclude>
    <ClInclude Include="ObjectSetPositionCommand.h">
      <Filter>Header Files\Entities\GameObject\Commands</Filter>
    </ClInclude>
    <ClInclude Include="ObjectActivateCommand.h">
      <Filter>Header Files\Entities\GameObject\Commands</Filter>
    </ClInclude>
    <ClInclude Include="ObjectDeactivateCommand.h">
      <Filter>Header Files\Entities\GameObject\Commands</Filter>
    </ClInclude>
    <ClInclude Include="PlayerInputEvent.h">
      <Filter>Header Files\Entities\Player\Events</Filter>
    </ClInclude>
    <ClInclude Include="CentipedeMoveEvent.h">
      <Filter>Header Files\Entities\Centipede\Events</Filter>
    </ClInclude>
    <ClInclude Include="BulletCollideEvent.h">
      <Filter>Header Files\Entities\Player\Events</Filter>
    </ClInclude>
    <ClInclude Include="CentipedeHitEvent.h">
      <Filter>Header Files\Entities\Centipede\Events</Filter>
    </ClInclude>
    <ClInclude Include="CentipedeData.h">
      <Filter>Header Files\Entities\Centipede</Filter>
    </ClInclude>
    <ClInclude Include="Centipede.h">
      <Filter>Header Files\Entities\Centipede</Filter>
    </ClInclude>
    <ClInclude Include="ObjectData.h">
      <Filter>Header Files\Entities\GameObject</Filter>
    </ClInclude>
    <ClInclude Include="GameObject.h">
      <Filter>Header Files\Entities\GameObject</Filter>
    </ClInclude>
    <ClInclude Include="MushroomData.h">
      <Filter>Header Files\Entities\Mushroom</Filter>
    </ClInclude>
    <ClInclude Include="PlayerBulletData.h">
      <Filter>Header Files\Entities\Player</Filter>
    </ClInclude>
    <ClInclude Include="PlayerData.h">
      <Filter>Header Files\Entities\Player</Filter>
    </ClInclude>
    <ClInclude Include="Player.h">
      <Filter>Header Files\Entities\Player</Filter>
    </ClInclude>
    <ClInclude Include="PlayerBullet.h">
      <Filter>Header Files\Entities\Player</Filter>
    </ClInclude>
    <ClInclude Include="Mushroom.h">
      <Filter>Header Files\Entities\Mushroom</Filter>
    </ClInclude>
    <ClInclude Include="MushroomHitEvent.h">
      <Filter>Header Files\Entities\Mushroom\Events</Filter>
    </ClInclude>
    <ClInclude Include="GameEvent.h">
      <Filter>Header Files\Entities\GameObject\Events</Filter>
    </ClInclude>
    <ClInclude Include="GameObjectState.h">
      <Filter>Header Files\Entities\GameObject\States</Filter>
    </ClInclude>
    <ClInclude Include="GenericState.h">
      <Filter>Header Files\Entities\GameObject\States</Filter>
    </ClInclude>
    <ClInclude Include="InputManager.h">
      <Filter>Header Files\Engine\Managers</Filter>
    </ClInclude>
    <ClInclude Include="NullState.h">
      <Filter>Header Files\Entities\GameObject\States</Filter>
    </ClInclude>
    <ClInclude Include="CentipedeHeadState.h">
      <Filter>Header Files\Entities\Centipede</Filter>
    </ClInclude>
    <ClInclude Include="CentipedeBodyState.h">
      <Filter>Header Files\Entities\Centipede</Filter>
    </ClInclude>
    <ClInclude Include="SoundManager.h">
      <Filter>Header Files\Engine\Managers</Filter>
    </ClInclude>
    <ClInclude Include="SpriteManager.h">
      <Filter>Header Files\Engine\Managers</Filter>
    </ClInclude>
    <ClInclude Include="ScoreObject.h">
      <Filter>Header Files\Engine\Managers</Filter>
    </ClInclude>
    <ClInclude Include="CommandFactory.h">
      <Filter>Header Files\Engine\Factories</Filter>
    </ClInclude>
    <ClInclude Include="GameObjectFactory.h">
      <Filter>Header Files\Engine\Factories</Filter>
    </ClInclude>
    <ClInclude Include="CentipedeBodyHitEvent.h">
      <Filter>Header Files\Entities\Centipede\Events</Filter>
    </ClInclude>
    <ClInclude Include="BulletFiredEvent.h">
      <Filter>Header Files\Entities\Player\Events</Filter>
    </ClInclude>
    <ClInclude Include="FontManager.h">
      <Filter>Header Files\Engine\Managers</Filter>
    </ClInclude>
  </ItemGroup>
</Project>