<?xml version="1.0" encoding="utf-8"?>
<Project ToolsVersion="4.0" xmlns="http://schemas.microsoft.com/developer/msbuild/2003">
  <ItemGroup>
    <Filter Include="Source Files">
      <UniqueIdentifier>{4FC737F1-C7A5-4376-A066-2A32D752A2FF}</UniqueIdentifier>
      <Extensions>cpp;c;cc;cxx;def;odl;idl;hpj;bat;asm;asmx</Extensions>
    </Filter>
    <Filter Include="Header Files">
      <UniqueIdentifier>{93995380-89BD-4b04-88EB-625FBE52EBFB}</UniqueIdentifier>
      <Extensions>h;hh;hpp;hxx;hm;inl;inc;ipp;xsd</Extensions>
    </Filter>
    <Filter Include="Resource Files">
      <UniqueIdentifier>{67DA6AB6-F800-4c08-8B7A-83BB121AAD01}</UniqueIdentifier>
      <Extensions>rc;ico;cur;bmp;dlg;rc2;rct;bin;rgs;gif;jpg;jpeg;jpe;resx;tiff;tif;png;wav;mfcribbon-ms</Extensions>
    </Filter>
    <Filter Include="Header Files\Entities">
      <UniqueIdentifier>{4c6906c1-18d4-48f8-bc9e-7061033d5f32}</UniqueIdentifier>
    </Filter>
    <Filter Include="Source Files\Entities">
      <UniqueIdentifier>{273f24e0-c656-4876-afd3-2e5058eac3ba}</UniqueIdentifier>
    </Filter>
    <Filter Include="Source Files\Engine">
      <UniqueIdentifier>{56032c9e-465c-404a-a8e9-2169b5346ea1}</UniqueIdentifier>
    </Filter>
    <Filter Include="Header Files\Engine">
      <UniqueIdentifier>{f5099e32-aea5-4e79-b577-7395a4edd74f}</UniqueIdentifier>
    </Filter>
    <Filter Include="Header Files\Entities\Player">
      <UniqueIdentifier>{3ff3a7db-a841-46a8-a40e-9c044fc968cb}</UniqueIdentifier>
    </Filter>
    <Filter Include="Source Files\Entities\Mushroom">
      <UniqueIdentifier>{192515da-5005-4cd3-bbb6-f8f3817c3326}</UniqueIdentifier>
    </Filter>
    <Filter Include="Source Files\Entities\Player">
      <UniqueIdentifier>{47e1e43c-f1b4-4194-bfa5-bd05078eb984}</UniqueIdentifier>
    </Filter>
    <Filter Include="Header Files\Entities\Centipede">
      <UniqueIdentifier>{00708e2f-a0de-41e2-9ff8-baf609ae0ed0}</UniqueIdentifier>
    </Filter>
    <Filter Include="Source Files\Entities\Centipede">
      <UniqueIdentifier>{9d0bf6a6-6a6c-40cb-b128-6e138e7c6db4}</UniqueIdentifier>
    </Filter>
    <Filter Include="Header Files\Entities\GameObject">
      <UniqueIdentifier>{343303c9-cac5-485f-90ed-449e2978574d}</UniqueIdentifier>
    </Filter>
    <Filter Include="Source Files\Entities\GameObject">
      <UniqueIdentifier>{3a33c386-8935-4d2e-8cd0-7a70839e5aed}</UniqueIdentifier>
    </Filter>
    <Filter Include="Header Files\Entities\Centipede\Commands">
      <UniqueIdentifier>{e7542c21-1ee5-4a0c-b3f1-7b72d0c4cad7}</UniqueIdentifier>
    </Filter>
    <Filter Include="Source Files\Entities\Centipede\Commands">
      <UniqueIdentifier>{c48d6d75-a2db-4af2-bcf1-29d83b06f402}</UniqueIdentifier>
    </Filter>
    <Filter Include="Source Files\Entities\Centipede\Controller">
      <UniqueIdentifier>{58fbc9ce-be21-4c23-8ce0-933684ee20ce}</UniqueIdentifier>
    </Filter>
    <Filter Include="Header Files\Entities\Centipede\Controller">
      <UniqueIdentifier>{1ab01f00-b17b-4539-9dbd-959a1d235321}</UniqueIdentifier>
    </Filter>
    <Filter Include="Header Files\Entities\Centipede\Controller\States">
      <UniqueIdentifier>{49090cc6-0569-400f-a02d-7d1fca97bad3}</UniqueIdentifier>
    </Filter>
    <Filter Include="Header Files\Entities\Player\Commands">
      <UniqueIdentifier>{df98ff09-5926-4209-b813-fcfc01679561}</UniqueIdentifier>
    </Filter>
    <Filter Include="Source Files\Entities\GameObject\Commands">
      <UniqueIdentifier>{152678d1-1151-4924-a7ef-7e755fe54aaf}</UniqueIdentifier>
    </Filter>
    <Filter Include="Header Files\Entities\GameObject\Commands">
      <UniqueIdentifier>{3c3461e8-0bee-426a-8117-36373c931dfb}</UniqueIdentifier>
    </Filter>
    <Filter Include="Header Files\Entities\Player\Controller">
      <UniqueIdentifier>{f9bd3a15-5ab2-4109-a4b0-50f537cc9c3e}</UniqueIdentifier>
    </Filter>
    <Filter Include="Source Files\Entities\Player\Commands">
      <UniqueIdentifier>{17d215b3-e14f-4a1f-b6f5-2d0b3befe024}</UniqueIdentifier>
    </Filter>
    <Filter Include="Source Files\Entities\Player\Controller">
      <UniqueIdentifier>{f375c1fc-9e28-45fb-b3d9-4df009145a9f}</UniqueIdentifier>
    </Filter>
    <Filter Include="Source Files\Entities\GameObject\Controller">
      <UniqueIdentifier>{4f426f54-7f36-4025-b569-af491e9d300e}</UniqueIdentifier>
    </Filter>
    <Filter Include="Header Files\Entities\GameObject\Controller">
      <UniqueIdentifier>{7ffd26c2-ebd4-45a9-b0dc-7eab949e93eb}</UniqueIdentifier>
    </Filter>
    <Filter Include="Header Files\Entities\Mushroom">
      <UniqueIdentifier>{00d2e18a-10e2-4a12-bf06-445b45355125}</UniqueIdentifier>
    </Filter>
    <Filter Include="Header Files\Entities\Mushroom\Controller">
      <UniqueIdentifier>{71d1ea77-9b6b-41f8-b7b2-6346091e5434}</UniqueIdentifier>
    </Filter>
    <Filter Include="Source Files\Engine\Managers">
      <UniqueIdentifier>{5c9a8f40-ae42-4385-8442-d7e72cd9727a}</UniqueIdentifier>
    </Filter>
    <Filter Include="Header Files\Engine\Managers">
      <UniqueIdentifier>{bb313d12-716d-40d3-a86a-a3d94622343e}</UniqueIdentifier>
    </Filter>
  </ItemGroup>
  <ItemGroup>
    <ClCompile Include="GameObjectManager.cpp">
      <Filter>Source Files\Engine\Managers</Filter>
    </ClCompile>
    <ClCompile Include="Engine.cpp">
      <Filter>Source Files\Engine</Filter>
    </ClCompile>
    <ClCompile Include="Draw.cpp">
      <Filter>Source Files\Engine</Filter>
    </ClCompile>
    <ClCompile Include="Main.cpp">
      <Filter>Source Files\Engine</Filter>
    </ClCompile>
    <ClCompile Include="Input.cpp">
      <Filter>Source Files\Engine</Filter>
    </ClCompile>
    <ClCompile Include="Update.cpp">
      <Filter>Source Files\Engine</Filter>
    </ClCompile>
    <ClCompile Include="Initialize.cpp">
      <Filter>Source Files\Engine</Filter>
    </ClCompile>
    <ClCompile Include="Mushroom.cpp">
      <Filter>Source Files\Entities\Mushroom</Filter>
    </ClCompile>
    <ClCompile Include="PlayerBullet.cpp">
      <Filter>Source Files\Entities\Player</Filter>
    </ClCompile>
    <ClCompile Include="Player.cpp">
      <Filter>Source Files\Entities\Player</Filter>
    </ClCompile>
    <ClCompile Include="Centipede.cpp">
      <Filter>Source Files\Entities\Centipede</Filter>
    </ClCompile>
    <ClCompile Include="GameObject.cpp">
      <Filter>Source Files\Entities\GameObject</Filter>
    </ClCompile>
    <ClCompile Include="CentipedeController.cpp">
      <Filter>Source Files\Entities\Centipede\Controller</Filter>
    </ClCompile>
    <ClCompile Include="ObjectCommand.cpp">
      <Filter>Source Files\Entities\GameObject\Commands</Filter>
    </ClCompile>
    <ClCompile Include="ObjectMoveUpCommand.cpp">
      <Filter>Source Files\Entities\GameObject\Commands</Filter>
    </ClCompile>
    <ClCompile Include="ObjectMoveDownCommand.cpp">
      <Filter>Source Files\Entities\GameObject\Commands</Filter>
    </ClCompile>
    <ClCompile Include="ObjectMoveLeftCommand.cpp">
      <Filter>Source Files\Entities\GameObject\Commands</Filter>
    </ClCompile>
    <ClCompile Include="ObjectMoveRightCommand.cpp">
      <Filter>Source Files\Entities\GameObject\Commands</Filter>
    </ClCompile>
    <ClCompile Include="PlayerBulletFireCommand.cpp">
      <Filter>Source Files\Entities\Player\Commands</Filter>
    </ClCompile>
    <ClCompile Include="PlayerBulletController.cpp">
      <Filter>Source Files\Entities\Player\Controller</Filter>
    </ClCompile>
    <ClCompile Include="PlayerController.cpp">
      <Filter>Source Files\Entities\Player\Controller</Filter>
    </ClCompile>
    <ClCompile Include="ObjectController.cpp">
      <Filter>Source Files\Entities\GameObject\Controller</Filter>
    </ClCompile>
    <ClCompile Include="GridManager.cpp">
      <Filter>Source Files\Engine\Managers</Filter>
    </ClCompile>
    <ClCompile Include="CentipedeControllerUpdate.cpp">
      <Filter>Source Files\Entities\Centipede\Controller</Filter>
    </ClCompile>
    <ClCompile Include="MushroomController.cpp">
      <Filter>Source Files\Entities\Mushroom</Filter>
    </ClCompile>
    <ClCompile Include="EventManager.cpp">
      <Filter>Source Files\Engine\Managers</Filter>
    </ClCompile>
    <ClCompile Include="CollisionManager.cpp">
      <Filter>Source Files\Engine\Managers</Filter>
    </ClCompile>
    <ClCompile Include="ObjectActivateCommand.cpp">
      <Filter>Source Files\Entities\GameObject\Commands</Filter>
    </ClCompile>
    <ClCompile Include="ObjectDeactivateCommand.cpp">
      <Filter>Source Files\Entities\GameObject\Commands</Filter>
    </ClCompile>
    <ClCompile Include="ObjectSetPositionCommand.cpp">
      <Filter>Source Files\Entities\GameObject\Commands</Filter>
    </ClCompile>
  </ItemGroup>
  <ItemGroup>
    <ClInclude Include="GameObjectManager.h">
      <Filter>Header Files\Engine\Managers</Filter>
    </ClInclude>
    <ClInclude Include="Engine.h">
      <Filter>Header Files\Engine</Filter>
    </ClInclude>
    <ClInclude Include="Player.h">
      <Filter>Header Files\Entities\Player</Filter>
    </ClInclude>
    <ClInclude Include="PlayerBullet.h">
      <Filter>Header Files\Entities\Player</Filter>
    </ClInclude>
    <ClInclude Include="Centipede.h">
      <Filter>Header Files\Entities\Centipede</Filter>
    </ClInclude>
    <ClInclude Include="GameObject.h">
      <Filter>Header Files\Entities\GameObject</Filter>
    </ClInclude>
    <ClInclude Include="CentipedeController.h">
      <Filter>Header Files\Entities\Centipede\Controller</Filter>
    </ClInclude>
    <ClInclude Include="ObjectCommand.h">
      <Filter>Header Files\Entities\GameObject\Commands</Filter>
    </ClInclude>
    <ClInclude Include="ObjectMoveUpCommand.h">
      <Filter>Header Files\Entities\GameObject\Commands</Filter>
    </ClInclude>
    <ClInclude Include="ObjectMoveDownCommand.h">
      <Filter>Header Files\Entities\GameObject\Commands</Filter>
    </ClInclude>
    <ClInclude Include="ObjectMoveLeftCommand.h">
      <Filter>Header Files\Entities\GameObject\Commands</Filter>
    </ClInclude>
    <ClInclude Include="ObjectMoveRightCommand.h">
      <Filter>Header Files\Entities\GameObject\Commands</Filter>
    </ClInclude>
    <ClInclude Include="PlayerController.h">
      <Filter>Header Files\Entities\Player\Controller</Filter>
    </ClInclude>
    <ClInclude Include="PlayerBulletController.h">
      <Filter>Header Files\Entities\Player\Controller</Filter>
    </ClInclude>
    <ClInclude Include="PlayerBulletFireCommand.h">
      <Filter>Header Files\Entities\Player\Commands</Filter>
    </ClInclude>
    <ClInclude Include="ObjectController.h">
      <Filter>Header Files\Entities\GameObject\Controller</Filter>
    </ClInclude>
    <ClInclude Include="GridManager.h">
      <Filter>Header Files\Engine\Managers</Filter>
    </ClInclude>
    <ClInclude Include="Mushroom.h">
      <Filter>Header Files\Entities\Mushroom</Filter>
    </ClInclude>
    <ClInclude Include="MushroomController.h">
      <Filter>Header Files\Entities\Mushroom\Controller</Filter>
    </ClInclude>
    <ClInclude Include="EventManager.h">
      <Filter>Header Files\Engine\Managers</Filter>
    </ClInclude>
    <ClInclude Include="CollisionManager.h">
      <Filter>Header Files\Engine\Managers</Filter>
    </ClInclude>
    <ClInclude Include="ObjectSetPositionCommand.h">
      <Filter>Header Files\Entities\GameObject\Commands</Filter>
    </ClInclude>
    <ClInclude Include="ObjectActivateCommand.h">
      <Filter>Header Files\Entities\GameObject\Commands</Filter>
    </ClInclude>
    <ClInclude Include="ObjectDeactivateCommand.h">
      <Filter>Header Files\Entities\GameObject\Commands</Filter>
    </ClInclude>
  </ItemGroup>
</Project>